// !$*UTF8*$!
{
	archiveVersion = 1;
	classes = {
	};
	objectVersion = 46;
	objects = {

/* Begin PBXBuildFile section */
		015FC9761CF6E6CA00C9A42A /* VectorMathTests.swift in Sources */ = {isa = PBXBuildFile; fileRef = 01B6A6561A23EF1400DA8FB3 /* VectorMathTests.swift */; };
		015FC9781CF6E72100C9A42A /* Mac-Info.plist in Resources */ = {isa = PBXBuildFile; fileRef = 015FC9771CF6E72100C9A42A /* Mac-Info.plist */; };
		015FC97B1CF6E7B500C9A42A /* VectorMath.swift in Sources */ = {isa = PBXBuildFile; fileRef = 01B6A6631A23F08000DA8FB3 /* VectorMath.swift */; };
		015FC97C1CF6E8EA00C9A42A /* VectorMath+Quartz.swift in Sources */ = {isa = PBXBuildFile; fileRef = 01B6A6621A23F08000DA8FB3 /* VectorMath+Quartz.swift */; };
		015FC97D1CF6E90400C9A42A /* VectorMath+SceneKit.swift in Sources */ = {isa = PBXBuildFile; fileRef = 01B6A6611A23F08000DA8FB3 /* VectorMath+SceneKit.swift */; };
		01B6A6571A23EF1400DA8FB3 /* VectorMathTests.swift in Sources */ = {isa = PBXBuildFile; fileRef = 01B6A6561A23EF1400DA8FB3 /* VectorMathTests.swift */; };
		01B6A6641A23F08000DA8FB3 /* VectorMath+SceneKit.swift in Sources */ = {isa = PBXBuildFile; fileRef = 01B6A6611A23F08000DA8FB3 /* VectorMath+SceneKit.swift */; };
		01B6A6651A23F08000DA8FB3 /* VectorMath+Quartz.swift in Sources */ = {isa = PBXBuildFile; fileRef = 01B6A6621A23F08000DA8FB3 /* VectorMath+Quartz.swift */; };
		01B6A6661A23F08000DA8FB3 /* VectorMath.swift in Sources */ = {isa = PBXBuildFile; fileRef = 01B6A6631A23F08000DA8FB3 /* VectorMath.swift */; };
/* End PBXBuildFile section */

/* Begin PBXFileReference section */
		015FC96E1CF6E68400C9A42A /* MacTests.xctest */ = {isa = PBXFileReference; explicitFileType = wrapper.cfbundle; includeInIndex = 0; path = MacTests.xctest; sourceTree = BUILT_PRODUCTS_DIR; };
		015FC9771CF6E72100C9A42A /* Mac-Info.plist */ = {isa = PBXFileReference; fileEncoding = 4; lastKnownFileType = text.plist.xml; path = "Mac-Info.plist"; sourceTree = "<group>"; };
		01B6A6501A23EF1400DA8FB3 /* iOSTests.xctest */ = {isa = PBXFileReference; explicitFileType = wrapper.cfbundle; includeInIndex = 0; path = iOSTests.xctest; sourceTree = BUILT_PRODUCTS_DIR; };
		01B6A6551A23EF1400DA8FB3 /* iOS-Info.plist */ = {isa = PBXFileReference; lastKnownFileType = text.plist.xml; path = "iOS-Info.plist"; sourceTree = "<group>"; };
		01B6A6561A23EF1400DA8FB3 /* VectorMathTests.swift */ = {isa = PBXFileReference; lastKnownFileType = sourcecode.swift; path = VectorMathTests.swift; sourceTree = "<group>"; };
		01B6A6611A23F08000DA8FB3 /* VectorMath+SceneKit.swift */ = {isa = PBXFileReference; fileEncoding = 4; lastKnownFileType = sourcecode.swift; path = "VectorMath+SceneKit.swift"; sourceTree = "<group>"; };
		01B6A6621A23F08000DA8FB3 /* VectorMath+Quartz.swift */ = {isa = PBXFileReference; fileEncoding = 4; lastKnownFileType = sourcecode.swift; path = "VectorMath+Quartz.swift"; sourceTree = "<group>"; };
		01B6A6631A23F08000DA8FB3 /* VectorMath.swift */ = {isa = PBXFileReference; fileEncoding = 4; lastKnownFileType = sourcecode.swift; path = VectorMath.swift; sourceTree = "<group>"; };
/* End PBXFileReference section */

/* Begin PBXFrameworksBuildPhase section */
		015FC96B1CF6E68400C9A42A /* Frameworks */ = {
			isa = PBXFrameworksBuildPhase;
			buildActionMask = 2147483647;
			files = (
			);
			runOnlyForDeploymentPostprocessing = 0;
		};
		01B6A64D1A23EF1400DA8FB3 /* Frameworks */ = {
			isa = PBXFrameworksBuildPhase;
			buildActionMask = 2147483647;
			files = (
			);
			runOnlyForDeploymentPostprocessing = 0;
		};
/* End PBXFrameworksBuildPhase section */

/* Begin PBXGroup section */
		01B6A6321A23EF1400DA8FB3 = {
			isa = PBXGroup;
			children = (
				01B6A6601A23F08000DA8FB3 /* VectorMath */,
				01B6A6531A23EF1400DA8FB3 /* UnitTests */,
				01B6A63C1A23EF1400DA8FB3 /* Products */,
			);
			sourceTree = "<group>";
		};
		01B6A63C1A23EF1400DA8FB3 /* Products */ = {
			isa = PBXGroup;
			children = (
				01B6A6501A23EF1400DA8FB3 /* iOSTests.xctest */,
				015FC96E1CF6E68400C9A42A /* MacTests.xctest */,
			);
			name = Products;
			sourceTree = "<group>";
		};
		01B6A6531A23EF1400DA8FB3 /* UnitTests */ = {
			isa = PBXGroup;
			children = (
				01B6A6561A23EF1400DA8FB3 /* VectorMathTests.swift */,
				01B6A6551A23EF1400DA8FB3 /* iOS-Info.plist */,
				015FC9771CF6E72100C9A42A /* Mac-Info.plist */,
			);
			name = UnitTests;
			path = VectorMathTests;
			sourceTree = "<group>";
		};
		01B6A6601A23F08000DA8FB3 /* VectorMath */ = {
			isa = PBXGroup;
			children = (
				01B6A6611A23F08000DA8FB3 /* VectorMath+SceneKit.swift */,
				01B6A6621A23F08000DA8FB3 /* VectorMath+Quartz.swift */,
				01B6A6631A23F08000DA8FB3 /* VectorMath.swift */,
			);
			name = VectorMath;
			path = ../VectorMath;
			sourceTree = "<group>";
		};
/* End PBXGroup section */

/* Begin PBXNativeTarget section */
		015FC96D1CF6E68400C9A42A /* MacTests */ = {
			isa = PBXNativeTarget;
			buildConfigurationList = 015FC9751CF6E68400C9A42A /* Build configuration list for PBXNativeTarget "MacTests" */;
			buildPhases = (
				015FC96A1CF6E68400C9A42A /* Sources */,
				015FC96B1CF6E68400C9A42A /* Frameworks */,
				015FC96C1CF6E68400C9A42A /* Resources */,
			);
			buildRules = (
			);
			dependencies = (
			);
			name = MacTests;
			productName = MacTests;
			productReference = 015FC96E1CF6E68400C9A42A /* MacTests.xctest */;
			productType = "com.apple.product-type.bundle.unit-test";
		};
		01B6A64F1A23EF1400DA8FB3 /* iOSTests */ = {
			isa = PBXNativeTarget;
			buildConfigurationList = 01B6A65D1A23EF1400DA8FB3 /* Build configuration list for PBXNativeTarget "iOSTests" */;
			buildPhases = (
				01B6A64C1A23EF1400DA8FB3 /* Sources */,
				01B6A64D1A23EF1400DA8FB3 /* Frameworks */,
				01B6A64E1A23EF1400DA8FB3 /* Resources */,
			);
			buildRules = (
			);
			dependencies = (
			);
			name = iOSTests;
			productName = VectorMathTests;
			productReference = 01B6A6501A23EF1400DA8FB3 /* iOSTests.xctest */;
			productType = "com.apple.product-type.bundle.unit-test";
		};
/* End PBXNativeTarget section */

/* Begin PBXProject section */
		01B6A6331A23EF1400DA8FB3 /* Project object */ = {
			isa = PBXProject;
			attributes = {
				LastSwiftUpdateCheck = 0730;
				LastUpgradeCheck = 0800;
				ORGANIZATIONNAME = "Nick Lockwood";
				TargetAttributes = {
					015FC96D1CF6E68400C9A42A = {
						CreatedOnToolsVersion = 7.3;
						LastSwiftMigration = 0800;
					};
					01B6A64F1A23EF1400DA8FB3 = {
						CreatedOnToolsVersion = 6.1;
						LastSwiftMigration = 0800;
						TestTargetID = 01B6A63A1A23EF1400DA8FB3;
					};
				};
			};
			buildConfigurationList = 01B6A6361A23EF1400DA8FB3 /* Build configuration list for PBXProject "UnitTests" */;
			compatibilityVersion = "Xcode 3.2";
			developmentRegion = English;
			hasScannedForEncodings = 0;
			knownRegions = (
				en,
				Base,
			);
			mainGroup = 01B6A6321A23EF1400DA8FB3;
			productRefGroup = 01B6A63C1A23EF1400DA8FB3 /* Products */;
			projectDirPath = "";
			projectRoot = "";
			targets = (
				01B6A64F1A23EF1400DA8FB3 /* iOSTests */,
				015FC96D1CF6E68400C9A42A /* MacTests */,
			);
		};
/* End PBXProject section */

/* Begin PBXResourcesBuildPhase section */
		015FC96C1CF6E68400C9A42A /* Resources */ = {
			isa = PBXResourcesBuildPhase;
			buildActionMask = 2147483647;
			files = (
			);
			runOnlyForDeploymentPostprocessing = 0;
		};
		01B6A64E1A23EF1400DA8FB3 /* Resources */ = {
			isa = PBXResourcesBuildPhase;
			buildActionMask = 2147483647;
			files = (
				015FC9781CF6E72100C9A42A /* Mac-Info.plist in Resources */,
			);
			runOnlyForDeploymentPostprocessing = 0;
		};
/* End PBXResourcesBuildPhase section */

/* Begin PBXSourcesBuildPhase section */
		015FC96A1CF6E68400C9A42A /* Sources */ = {
			isa = PBXSourcesBuildPhase;
			buildActionMask = 2147483647;
			files = (
				015FC97B1CF6E7B500C9A42A /* VectorMath.swift in Sources */,
				015FC97C1CF6E8EA00C9A42A /* VectorMath+Quartz.swift in Sources */,
				015FC97D1CF6E90400C9A42A /* VectorMath+SceneKit.swift in Sources */,
				015FC9761CF6E6CA00C9A42A /* VectorMathTests.swift in Sources */,
			);
			runOnlyForDeploymentPostprocessing = 0;
		};
		01B6A64C1A23EF1400DA8FB3 /* Sources */ = {
			isa = PBXSourcesBuildPhase;
			buildActionMask = 2147483647;
			files = (
				01B6A6661A23F08000DA8FB3 /* VectorMath.swift in Sources */,
				01B6A6641A23F08000DA8FB3 /* VectorMath+SceneKit.swift in Sources */,
				01B6A6651A23F08000DA8FB3 /* VectorMath+Quartz.swift in Sources */,
				01B6A6571A23EF1400DA8FB3 /* VectorMathTests.swift in Sources */,
			);
			runOnlyForDeploymentPostprocessing = 0;
		};
/* End PBXSourcesBuildPhase section */

/* Begin XCBuildConfiguration section */
		015FC9731CF6E68400C9A42A /* Debug */ = {
			isa = XCBuildConfiguration;
			buildSettings = {
				CLANG_ANALYZER_NONNULL = YES;
				CODE_SIGN_IDENTITY = "-";
				COMBINE_HIDPI_IMAGES = YES;
				DEBUG_INFORMATION_FORMAT = dwarf;
				GCC_NO_COMMON_BLOCKS = YES;
				INFOPLIST_FILE = "VectorMathTests/Mac-Info.plist";
				LD_RUNPATH_SEARCH_PATHS = "$(inherited) @executable_path/../Frameworks @loader_path/../Frameworks";
				MACOSX_DEPLOYMENT_TARGET = 10.11;
				PRODUCT_BUNDLE_IDENTIFIER = com.charcoaldesign.MacTests;
				PRODUCT_NAME = "$(TARGET_NAME)";
				SDKROOT = macosx;
				SWIFT_VERSION = 3.0;
			};
			name = Debug;
		};
		015FC9741CF6E68400C9A42A /* Release */ = {
			isa = XCBuildConfiguration;
			buildSettings = {
				CLANG_ANALYZER_NONNULL = YES;
				CODE_SIGN_IDENTITY = "-";
				COMBINE_HIDPI_IMAGES = YES;
				COPY_PHASE_STRIP = NO;
				DEBUG_INFORMATION_FORMAT = "dwarf-with-dsym";
				GCC_NO_COMMON_BLOCKS = YES;
				INFOPLIST_FILE = "VectorMathTests/Mac-Info.plist";
				LD_RUNPATH_SEARCH_PATHS = "$(inherited) @executable_path/../Frameworks @loader_path/../Frameworks";
				MACOSX_DEPLOYMENT_TARGET = 10.11;
				PRODUCT_BUNDLE_IDENTIFIER = com.charcoaldesign.MacTests;
				PRODUCT_NAME = "$(TARGET_NAME)";
				SDKROOT = macosx;
				SWIFT_VERSION = 3.0;
			};
			name = Release;
		};
		01B6A6581A23EF1400DA8FB3 /* Debug */ = {
			isa = XCBuildConfiguration;
			buildSettings = {
				ALWAYS_SEARCH_USER_PATHS = NO;
				CLANG_CXX_LANGUAGE_STANDARD = "gnu++0x";
				CLANG_CXX_LIBRARY = "libc++";
				CLANG_ENABLE_MODULES = YES;
				CLANG_ENABLE_OBJC_ARC = YES;
				CLANG_WARN_BOOL_CONVERSION = YES;
				CLANG_WARN_CONSTANT_CONVERSION = YES;
				CLANG_WARN_DIRECT_OBJC_ISA_USAGE = YES_ERROR;
				CLANG_WARN_EMPTY_BODY = YES;
				CLANG_WARN_ENUM_CONVERSION = YES;
				CLANG_WARN_INFINITE_RECURSION = YES;
				CLANG_WARN_INT_CONVERSION = YES;
				CLANG_WARN_OBJC_ROOT_CLASS = YES_ERROR;
				CLANG_WARN_SUSPICIOUS_MOVE = YES;
				CLANG_WARN_UNREACHABLE_CODE = YES;
				CLANG_WARN__DUPLICATE_METHOD_MATCH = YES;
				"CODE_SIGN_IDENTITY[sdk=iphoneos*]" = "iPhone Developer";
				COPY_PHASE_STRIP = NO;
				ENABLE_STRICT_OBJC_MSGSEND = YES;
				ENABLE_TESTABILITY = YES;
				GCC_C_LANGUAGE_STANDARD = gnu99;
				GCC_DYNAMIC_NO_PIC = NO;
				GCC_NO_COMMON_BLOCKS = YES;
				GCC_OPTIMIZATION_LEVEL = 0;
				GCC_PREPROCESSOR_DEFINITIONS = (
					"DEBUG=1",
					"$(inherited)",
				);
				GCC_SYMBOLS_PRIVATE_EXTERN = NO;
				GCC_WARN_64_TO_32_BIT_CONVERSION = YES;
				GCC_WARN_ABOUT_RETURN_TYPE = YES_ERROR;
				GCC_WARN_UNDECLARED_SELECTOR = YES;
				GCC_WARN_UNINITIALIZED_AUTOS = YES_AGGRESSIVE;
				GCC_WARN_UNUSED_FUNCTION = YES;
				GCC_WARN_UNUSED_VARIABLE = YES;
				IPHONEOS_DEPLOYMENT_TARGET = 8.1;
				MTL_ENABLE_DEBUG_INFO = YES;
				ONLY_ACTIVE_ARCH = YES;
				SDKROOT = iphoneos;
				SWIFT_OPTIMIZATION_LEVEL = "-Onone";
			};
			name = Debug;
		};
		01B6A6591A23EF1400DA8FB3 /* Release */ = {
			isa = XCBuildConfiguration;
			buildSettings = {
				ALWAYS_SEARCH_USER_PATHS = NO;
				CLANG_CXX_LANGUAGE_STANDARD = "gnu++0x";
				CLANG_CXX_LIBRARY = "libc++";
				CLANG_ENABLE_MODULES = YES;
				CLANG_ENABLE_OBJC_ARC = YES;
				CLANG_WARN_BOOL_CONVERSION = YES;
				CLANG_WARN_CONSTANT_CONVERSION = YES;
				CLANG_WARN_DIRECT_OBJC_ISA_USAGE = YES_ERROR;
				CLANG_WARN_EMPTY_BODY = YES;
				CLANG_WARN_ENUM_CONVERSION = YES;
				CLANG_WARN_INFINITE_RECURSION = YES;
				CLANG_WARN_INT_CONVERSION = YES;
				CLANG_WARN_OBJC_ROOT_CLASS = YES_ERROR;
				CLANG_WARN_SUSPICIOUS_MOVE = YES;
				CLANG_WARN_UNREACHABLE_CODE = YES;
				CLANG_WARN__DUPLICATE_METHOD_MATCH = YES;
				"CODE_SIGN_IDENTITY[sdk=iphoneos*]" = "iPhone Developer";
				COPY_PHASE_STRIP = YES;
				ENABLE_NS_ASSERTIONS = NO;
				ENABLE_STRICT_OBJC_MSGSEND = YES;
				GCC_C_LANGUAGE_STANDARD = gnu99;
				GCC_NO_COMMON_BLOCKS = YES;
				GCC_WARN_64_TO_32_BIT_CONVERSION = YES;
				GCC_WARN_ABOUT_RETURN_TYPE = YES_ERROR;
				GCC_WARN_UNDECLARED_SELECTOR = YES;
				GCC_WARN_UNINITIALIZED_AUTOS = YES_AGGRESSIVE;
				GCC_WARN_UNUSED_FUNCTION = YES;
				GCC_WARN_UNUSED_VARIABLE = YES;
				IPHONEOS_DEPLOYMENT_TARGET = 8.1;
				MTL_ENABLE_DEBUG_INFO = NO;
				SDKROOT = iphoneos;
				SWIFT_OPTIMIZATION_LEVEL = "-Owholemodule";
				VALIDATE_PRODUCT = YES;
			};
			name = Release;
		};
		01B6A65E1A23EF1400DA8FB3 /* Debug */ = {
			isa = XCBuildConfiguration;
			buildSettings = {
				BUNDLE_LOADER = "$(TEST_HOST)";
				FRAMEWORK_SEARCH_PATHS = (
					"$(SDKROOT)/Developer/Library/Frameworks",
					"$(inherited)",
				);
				GCC_PREPROCESSOR_DEFINITIONS = (
					"DEBUG=1",
					"$(inherited)",
				);
				INFOPLIST_FILE = "VectorMathTests/iOS-Info.plist";
				LD_RUNPATH_SEARCH_PATHS = "$(inherited) @executable_path/Frameworks @loader_path/Frameworks";
				PRODUCT_BUNDLE_IDENTIFIER = "com.charcoaldesign.$(PRODUCT_NAME:rfc1034identifier)";
				PRODUCT_NAME = iOSTests;
				SWIFT_VERSION = 3.0;
			};
			name = Debug;
		};
		01B6A65F1A23EF1400DA8FB3 /* Release */ = {
			isa = XCBuildConfiguration;
			buildSettings = {
				BUNDLE_LOADER = "$(TEST_HOST)";
				FRAMEWORK_SEARCH_PATHS = (
					"$(SDKROOT)/Developer/Library/Frameworks",
					"$(inherited)",
				);
				INFOPLIST_FILE = "VectorMathTests/iOS-Info.plist";
				LD_RUNPATH_SEARCH_PATHS = "$(inherited) @executable_path/Frameworks @loader_path/Frameworks";
				PRODUCT_BUNDLE_IDENTIFIER = "com.charcoaldesign.$(PRODUCT_NAME:rfc1034identifier)";
				PRODUCT_NAME = iOSTests;
				SWIFT_VERSION = 3.0;
			};
			name = Release;
		};
/* End XCBuildConfiguration section */

/* Begin XCConfigurationList section */
		015FC9751CF6E68400C9A42A /* Build configuration list for PBXNativeTarget "MacTests" */ = {
			isa = XCConfigurationList;
			buildConfigurations = (
				015FC9731CF6E68400C9A42A /* Debug */,
				015FC9741CF6E68400C9A42A /* Release */,
			);
			defaultConfigurationIsVisible = 0;
			defaultConfigurationName = Release;
		};
		01B6A6361A23EF1400DA8FB3 /* Build configuration list for PBXProject "UnitTests" */ = {
			isa = XCConfigurationList;
			buildConfigurations = (
				01B6A6581A23EF1400DA8FB3 /* Debug */,
				01B6A6591A23EF1400DA8FB3 /* Release */,
			);
			defaultConfigurationIsVisible = 0;
			defaultConfigurationName = Release;
		};
		01B6A65D1A23EF1400DA8FB3 /* Build configuration list for PBXNativeTarget "iOSTests" */ = {
			isa = XCConfigurationList;
			buildConfigurations = (
				01B6A65E1A23EF1400DA8FB3 /* Debug */,
				01B6A65F1A23EF1400DA8FB3 /* Release */,
			);
			defaultConfigurationIsVisible = 0;
			defaultConfigurationName = Release;
		};
/* End XCConfigurationList section */
	};
	rootObject = 01B6A6331A23EF1400DA8FB3 /* Project object */;
}
